
Microsoft Visual Studio Solution File, Format Version 12.00
# Visual Studio Version 16
VisualStudioVersion = 16.0.32413.511
MinimumVisualStudioVersion = 10.0.40219.1
Project("{FAE04EC0-301F-11D3-BF4B-00C04F79EFBC}") = "Ventas_aspnet", "Ventas_aspnet\Ventas_aspnet.csproj", "{7E992142-9F40-4E18-8642-EA38C2CE01DA}"
EndProject
Global
	GlobalSection(SolutionConfigurationPlatforms) = preSolution
		Debug|Any CPU = Debug|Any CPU
		Release|Any CPU = Release|Any CPU
	EndGlobalSection
	GlobalSection(ProjectConfigurationPlatforms) = postSolution
		{7E992142-9F40-4E18-8642-EA38C2CE01DA}.Debug|Any CPU.ActiveCfg = Debug|Any CPU
		{7E992142-9F40-4E18-8642-EA38C2CE01DA}.Debug|Any CPU.Build.0 = Debug|Any CPU
		{7E992142-9F40-4E18-8642-EA38C2CE01DA}.Release|Any CPU.ActiveCfg = Release|Any CPU
		{7E992142-9F40-4E18-8642-EA38C2CE01DA}.Release|Any CPU.Build.0 = Release|Any CPU
	EndGlobalSection
	GlobalSection(SolutionProperties) = preSolution
		HideSolutionNode = FALSE
	EndGlobalSection
	GlobalSection(ExtensibilityGlobals) = postSolution
		SolutionGuid = {587E8311-64FF-4CDD-B352-FCAA0A4613B0}
	EndGlobalSection
EndGlobal
